{
  "name": "ai-game-lab",
  "version": "0.1.0",
  "lockfileVersion": 3,
  "requires": true,
  "packages": {
    "": {
      "name": "ai-game-lab",
      "version": "0.1.0",
      "license": "MIT",
      "workspaces": [
        "apps/*",
        "packages/*"
      ],
      "devDependencies": {
        "ws": "8.22.0"
      },
      "engines": {
        "node": ">=20"
      }
    },
    "apps/web": {
      "name": "@ai-game-lab/web",
      "version": "1.0.0"
    },
    "games/apex-rush": {
      "name": "@ai-game-lab/apex-rush",
      "version": "1.0.0",
      "extraneous": true
    },
    "games/freight-fire": {
      "name": "@ai-game-lab/freight-fire",
      "version": "1.0.0",
      "extraneous": true
    },
    "games/orbit-dash": {
      "name": "@ai-game-lab/orbit-dash",
      "version": "1.0.0",
      "extraneous": true
    },
    "node_modules/@ai-game-lab/game-contracts": {
      "resolved": "packages/game-contracts",
      "link": true
    },
    "node_modules/@ai-game-lab/web": {
      "resolved": "apps/web",
      "link": true
    },
    "node_modules/ws": {
      "version": "8.22.0",
      "resolved": "https://registry.npmjs.org/ws/-/ws-8.22.0.tgz",
      "integrity": "sha512-Ydggc987+RO0AnWtZ/7Wq9FtNvcrL1b/RO0ud9mWjUPgDrsAAwQSF51sm2hm1XofbU/4jkpGEsLFsZZxU+1DOg==",
      "dev": true,
      "license": "MIT",
      "engines": {
        "node": ">=10.0.0"
      },
      "peerDependencies": {
        "bufferutil": "^4.0.1",
        "utf-8-validate": ">=5.0.2"
      },
      "peerDependenciesMeta": {
        "bufferutil": {
          "optional": true
        },
        "utf-8-validate": {
          "optional": true
        }
      }
    },
    "packages/game-contracts": {
      "name": "@ai-game-lab/game-contracts",
      "version": "1.0.0"
    },
    "services/game-server": {
      "name": "@ai-game-lab/game-server",
      "version": "1.0.0",
      "extraneous": true,
      "dependencies": {
        "ws": "8.22.0"
      }
    }
  }
}
